
Microsoft Visual Studio Solution File, Format Version 12.00
# Visual Studio Version 17
VisualStudioVersion = 17.11.35312.102
MinimumVisualStudioVersion = 10.0.40219.1
Project("{FAE04EC0-301F-11D3-BF4B-00C04F79EFBC}") = "HotelApi", "HotelApi\HotelApi.csproj", "{34E33D79-AF88-42A9-BDCF-D17813BF759A}"
EndProject
Global
	GlobalSection(SolutionConfigurationPlatforms) = preSolution
		Debug|Any CPU = Debug|Any CPU
		Release|Any CPU = Release|Any CPU
	EndGlobalSection
	GlobalSection(ProjectConfigurationPlatforms) = postSolution
		{34E33D79-AF88-42A9-BDCF-D17813BF759A}.Debug|Any CPU.ActiveCfg = Debug|Any CPU
		{34E33D79-AF88-42A9-BDCF-D17813BF759A}.Debug|Any CPU.Build.0 = Debug|Any CPU
		{34E33D79-AF88-42A9-BDCF-D17813BF759A}.Release|Any CPU.ActiveCfg = Release|Any CPU
		{34E33D79-AF88-42A9-BDCF-D17813BF759A}.Release|Any CPU.Build.0 = Release|Any CPU
	EndGlobalSection
	GlobalSection(SolutionProperties) = preSolution
		HideSolutionNode = FALSE
	EndGlobalSection
	GlobalSection(ExtensibilityGlobals) = postSolution
		SolutionGuid = {11538DE5-02F8-4494-A9AC-2BD2C6E5ACA4}
	EndGlobalSection
EndGlobal
